
Microsoft Visual Studio Solution File, Format Version 12.00
# Visual Studio Version 17
VisualStudioVersion = 17.5.002.0
MinimumVisualStudioVersion = 10.0.40219.1
Project("{2150E333-8FDC-42A3-9474-1A3956D46DE8}") = "Frontend", "Frontend", "{99B45979-8B2F-472C-9CE4-C573B72BF712}"
EndProject
Project("{9A19103F-16F7-4668-BE54-9A1E7A4F7556}") = "KiemTraDiemA", "Frontend\KiemTraDiemA\KiemTraDiemA.csproj", "{F48D2824-C057-449C-B8EE-0E2B8BF085D3}"
EndProject
Global
	GlobalSection(SolutionConfigurationPlatforms) = preSolution
		Debug|Any CPU = Debug|Any CPU
		Release|Any CPU = Release|Any CPU
	EndGlobalSection
	GlobalSection(ProjectConfigurationPlatforms) = postSolution
		{F48D2824-C057-449C-B8EE-0E2B8BF085D3}.Debug|Any CPU.ActiveCfg = Debug|Any CPU
		{F48D2824-C057-449C-B8EE-0E2B8BF085D3}.Debug|Any CPU.Build.0 = Debug|Any CPU
		{F48D2824-C057-449C-B8EE-0E2B8BF085D3}.Release|Any CPU.ActiveCfg = Release|Any CPU
		{F48D2824-C057-449C-B8EE-0E2B8BF085D3}.Release|Any CPU.Build.0 = Release|Any CPU
	EndGlobalSection
	GlobalSection(SolutionProperties) = preSolution
		HideSolutionNode = FALSE
	EndGlobalSection
	GlobalSection(NestedProjects) = preSolution
		{F48D2824-C057-449C-B8EE-0E2B8BF085D3} = {99B45979-8B2F-472C-9CE4-C573B72BF712}
	EndGlobalSection
	GlobalSection(ExtensibilityGlobals) = postSolution
		SolutionGuid = {21DA4940-FD48-46E1-8430-44A0B9292D96}
	EndGlobalSection
EndGlobal
